
Microsoft Visual Studio Solution File, Format Version 12.00
# Visual Studio Version 17
VisualStudioVersion = 17.6.33829.357
MinimumVisualStudioVersion = 10.0.40219.1
Project("{9A19103F-16F7-4668-BE54-9A1E7A4F7556}") = "P42.VirtualKeyboard", "P42.VirtualKeyboard\P42.VirtualKeyboard.csproj", "{B4D1F372-010C-4128-9E61-DBD9997C81A7}"
EndProject
Project("{9A19103F-16F7-4668-BE54-9A1E7A4F7556}") = "Demo", "Demo\Demo\Demo.csproj", "{30753149-5C27-4B9E-8546-C799AE7DCB7A}"
EndProject
Global
	GlobalSection(SolutionConfigurationPlatforms) = preSolution
		Debug|Any CPU = Debug|Any CPU
		Debug|arm64 = Debug|arm64
		Debug|x64 = Debug|x64
		Debug|x86 = Debug|x86
		Release|Any CPU = Release|Any CPU
		Release|arm64 = Release|arm64
		Release|x64 = Release|x64
		Release|x86 = Release|x86
	EndGlobalSection
	GlobalSection(ProjectConfigurationPlatforms) = postSolution
		{B4D1F372-010C-4128-9E61-DBD9997C81A7}.Debug|Any CPU.ActiveCfg = Debug|Any CPU
		{B4D1F372-010C-4128-9E61-DBD9997C81A7}.Debug|Any CPU.Build.0 = Debug|Any CPU
		{B4D1F372-010C-4128-9E61-DBD9997C81A7}.Debug|arm64.ActiveCfg = Debug|Any CPU
		{B4D1F372-010C-4128-9E61-DBD9997C81A7}.Debug|arm64.Build.0 = Debug|Any CPU
		{B4D1F372-010C-4128-9E61-DBD9997C81A7}.Debug|x64.ActiveCfg = Debug|Any CPU
		{B4D1F372-010C-4128-9E61-DBD9997C81A7}.Debug|x64.Build.0 = Debug|Any CPU
		{B4D1F372-010C-4128-9E61-DBD9997C81A7}.Debug|x86.ActiveCfg = Debug|Any CPU
		{B4D1F372-010C-4128-9E61-DBD9997C81A7}.Debug|x86.Build.0 = Debug|Any CPU
		{B4D1F372-010C-4128-9E61-DBD9997C81A7}.Release|Any CPU.ActiveCfg = Release|Any CPU
		{B4D1F372-010C-4128-9E61-DBD9997C81A7}.Release|Any CPU.Build.0 = Release|Any CPU
		{B4D1F372-010C-4128-9E61-DBD9997C81A7}.Release|arm64.ActiveCfg = Release|Any CPU
		{B4D1F372-010C-4128-9E61-DBD9997C81A7}.Release|arm64.Build.0 = Release|Any CPU
		{B4D1F372-010C-4128-9E61-DBD9997C81A7}.Release|x64.ActiveCfg = Release|Any CPU
		{B4D1F372-010C-4128-9E61-DBD9997C81A7}.Release|x64.Build.0 = Release|Any CPU
		{B4D1F372-010C-4128-9E61-DBD9997C81A7}.Release|x86.ActiveCfg = Release|Any CPU
		{B4D1F372-010C-4128-9E61-DBD9997C81A7}.Release|x86.Build.0 = Release|Any CPU
		{30753149-5C27-4B9E-8546-C799AE7DCB7A}.Debug|Any CPU.ActiveCfg = Debug|Any CPU
		{30753149-5C27-4B9E-8546-C799AE7DCB7A}.Debug|Any CPU.Build.0 = Debug|Any CPU
		{30753149-5C27-4B9E-8546-C799AE7DCB7A}.Debug|Any CPU.Deploy.0 = Debug|Any CPU
		{30753149-5C27-4B9E-8546-C799AE7DCB7A}.Debug|arm64.ActiveCfg = Debug|Any CPU
		{30753149-5C27-4B9E-8546-C799AE7DCB7A}.Debug|arm64.Build.0 = Debug|Any CPU
		{30753149-5C27-4B9E-8546-C799AE7DCB7A}.Debug|x64.ActiveCfg = Debug|Any CPU
		{30753149-5C27-4B9E-8546-C799AE7DCB7A}.Debug|x64.Build.0 = Debug|Any CPU
		{30753149-5C27-4B9E-8546-C799AE7DCB7A}.Debug|x86.ActiveCfg = Debug|Any CPU
		{30753149-5C27-4B9E-8546-C799AE7DCB7A}.Debug|x86.Build.0 = Debug|Any CPU
		{30753149-5C27-4B9E-8546-C799AE7DCB7A}.Release|Any CPU.ActiveCfg = Release|Any CPU
		{30753149-5C27-4B9E-8546-C799AE7DCB7A}.Release|Any CPU.Build.0 = Release|Any CPU
		{30753149-5C27-4B9E-8546-C799AE7DCB7A}.Release|arm64.ActiveCfg = Release|Any CPU
		{30753149-5C27-4B9E-8546-C799AE7DCB7A}.Release|arm64.Build.0 = Release|Any CPU
		{30753149-5C27-4B9E-8546-C799AE7DCB7A}.Release|x64.ActiveCfg = Release|Any CPU
		{30753149-5C27-4B9E-8546-C799AE7DCB7A}.Release|x64.Build.0 = Release|Any CPU
		{30753149-5C27-4B9E-8546-C799AE7DCB7A}.Release|x86.ActiveCfg = Release|Any CPU
		{30753149-5C27-4B9E-8546-C799AE7DCB7A}.Release|x86.Build.0 = Release|Any CPU
	EndGlobalSection
	GlobalSection(SolutionProperties) = preSolution
		HideSolutionNode = FALSE
	EndGlobalSection
	GlobalSection(ExtensibilityGlobals) = postSolution
		SolutionGuid = {7CFB3D2F-C573-4245-B045-C6E9681714F8}
	EndGlobalSection
EndGlobal
